// !$*UTF8*$!
{
	archiveVersion = 1;
	classes = {
	};
	objectVersion = 48;
	objects = {

/* Begin PBXBuildFile section */
		4272CFEA20418B4900CA4C79 /* MultipleStateCell.swift in Sources */ = {isa = PBXBuildFile; fileRef = 4272CFE920418B4900CA4C79 /* MultipleStateCell.swift */; };
		42EF79832040058800C486E3 /* AppDelegate.swift in Sources */ = {isa = PBXBuildFile; fileRef = 42EF79822040058800C486E3 /* AppDelegate.swift */; };
		42EF79852040058800C486E3 /* ViewController.swift in Sources */ = {isa = PBXBuildFile; fileRef = 42EF79842040058800C486E3 /* ViewController.swift */; };
		42EF79882040058800C486E3 /* Main.storyboard in Resources */ = {isa = PBXBuildFile; fileRef = 42EF79862040058800C486E3 /* Main.storyboard */; };
		42EF798A2040058800C486E3 /* Assets.xcassets in Resources */ = {isa = PBXBuildFile; fileRef = 42EF79892040058800C486E3 /* Assets.xcassets */; };
		42EF798D2040058800C486E3 /* LaunchScreen.storyboard in Resources */ = {isa = PBXBuildFile; fileRef = 42EF798B2040058800C486E3 /* LaunchScreen.storyboard */; };
		C9BD5DA6BFF237D9C8FBEBCD /* Pods_TestTextureCell.framework in Frameworks */ = {isa = PBXBuildFile; fileRef = 6D2F49097A38F477D0B6F3FC /* Pods_TestTextureCell.framework */; };
/* End PBXBuildFile section */

/* Begin PBXFileReference section */
		4272CFE920418B4900CA4C79 /* MultipleStateCell.swift */ = {isa = PBXFileReference; lastKnownFileType = sourcecode.swift; path = MultipleStateCell.swift; sourceTree = "<group>"; };
		42EF797F2040058800C486E3 /* TestTextureCell.app */ = {isa = PBXFileReference; explicitFileType = wrapper.application; includeInIndex = 0; path = TestTextureCell.app; sourceTree = BUILT_PRODUCTS_DIR; };
		42EF79822040058800C486E3 /* AppDelegate.swift */ = {isa = PBXFileReference; lastKnownFileType = sourcecode.swift; path = AppDelegate.swift; sourceTree = "<group>"; };
		42EF79842040058800C486E3 /* ViewController.swift */ = {isa = PBXFileReference; lastKnownFileType = sourcecode.swift; path = ViewController.swift; sourceTree = "<group>"; };
		42EF79872040058800C486E3 /* Base */ = {isa = PBXFileReference; lastKnownFileType = file.storyboard; name = Base; path = Base.lproj/Main.storyboard; sourceTree = "<group>"; };
		42EF79892040058800C486E3 /* Assets.xcassets */ = {isa = PBXFileReference; lastKnownFileType = folder.assetcatalog; path = Assets.xcassets; sourceTree = "<group>"; };
		42EF798C2040058800C486E3 /* Base */ = {isa = PBXFileReference; lastKnownFileType = file.storyboard; name = Base; path = Base.lproj/LaunchScreen.storyboard; sourceTree = "<group>"; };
		42EF798E2040058800C486E3 /* Info.plist */ = {isa = PBXFileReference; lastKnownFileType = text.plist.xml; path = Info.plist; sourceTree = "<group>"; };
		55A917328E1BC85FAAE3CCA2 /* Pods-TestTextureCell.debug.xcconfig */ = {isa = PBXFileReference; includeInIndex = 1; lastKnownFileType = text.xcconfig; name = "Pods-TestTextureCell.debug.xcconfig"; path = "Pods/Target Support Files/Pods-TestTextureCell/Pods-TestTextureCell.debug.xcconfig"; sourceTree = "<group>"; };
		6D2F49097A38F477D0B6F3FC /* Pods_TestTextureCell.framework */ = {isa = PBXFileReference; explicitFileType = wrapper.framework; includeInIndex = 0; path = Pods_TestTextureCell.framework; sourceTree = BUILT_PRODUCTS_DIR; };
		CD954773C300CD9D9ACD9D54 /* Pods-TestTextureCell.release.xcconfig */ = {isa = PBXFileReference; includeInIndex = 1; lastKnownFileType = text.xcconfig; name = "Pods-TestTextureCell.release.xcconfig"; path = "Pods/Target Support Files/Pods-TestTextureCell/Pods-TestTextureCell.release.xcconfig"; sourceTree = "<group>"; };
/* End PBXFileReference section */

/* Begin PBXFrameworksBuildPhase section */
		42EF797C2040058800C486E3 /* Frameworks */ = {
			isa = PBXFrameworksBuildPhase;
			buildActionMask = 2147483647;
			files = (
				C9BD5DA6BFF237D9C8FBEBCD /* Pods_TestTextureCell.framework in Frameworks */,
			);
			runOnlyForDeploymentPostprocessing = 0;
		};
/* End PBXFrameworksBuildPhase section */

/* Begin PBXGroup section */
		42EF79762040058800C486E3 = {
			isa = PBXGroup;
			children = (
				42EF79812040058800C486E3 /* TestTextureCell */,
				42EF79802040058800C486E3 /* Products */,
				B719463F4A93B6817BF0E6C1 /* Pods */,
				6D572AE85F0218D719CABEB6 /* Frameworks */,
			);
			sourceTree = "<group>";
		};
		42EF79802040058800C486E3 /* Products */ = {
			isa = PBXGroup;
			children = (
				42EF797F2040058800C486E3 /* TestTextureCell.app */,
			);
			name = Products;
			sourceTree = "<group>";
		};
		42EF79812040058800C486E3 /* TestTextureCell */ = {
			isa = PBXGroup;
			children = (
				42EF79822040058800C486E3 /* AppDelegate.swift */,
				42EF79842040058800C486E3 /* ViewController.swift */,
				4272CFE920418B4900CA4C79 /* MultipleStateCell.swift */,
				42EF79862040058800C486E3 /* Main.storyboard */,
				42EF79892040058800C486E3 /* Assets.xcassets */,
				42EF798B2040058800C486E3 /* LaunchScreen.storyboard */,
				42EF798E2040058800C486E3 /* Info.plist */,
			);
			path = TestTextureCell;
			sourceTree = "<group>";
		};
		6D572AE85F0218D719CABEB6 /* Frameworks */ = {
			isa = PBXGroup;
			children = (
				6D2F49097A38F477D0B6F3FC /* Pods_TestTextureCell.framework */,
			);
			name = Frameworks;
			sourceTree = "<group>";
		};
		B719463F4A93B6817BF0E6C1 /* Pods */ = {
			isa = PBXGroup;
			children = (
				55A917328E1BC85FAAE3CCA2 /* Pods-TestTextureCell.debug.xcconfig */,
				CD954773C300CD9D9ACD9D54 /* Pods-TestTextureCell.release.xcconfig */,
			);
			name = Pods;
			sourceTree = "<group>";
		};
/* End PBXGroup section */

/* Begin PBXNativeTarget section */
		42EF797E2040058800C486E3 /* TestTextureCell */ = {
			isa = PBXNativeTarget;
			buildConfigurationList = 42EF79912040058800C486E3 /* Build configuration list for PBXNativeTarget "TestTextureCell" */;
			buildPhases = (
				AA972EED7ABC87E0AD8CD4B0 /* [CP] Check Pods Manifest.lock */,
				42EF797B2040058800C486E3 /* Sources */,
				42EF797C2040058800C486E3 /* Frameworks */,
				42EF797D2040058800C486E3 /* Resources */,
				9B399FE9377D824ADF263037 /* [CP] Embed Pods Frameworks */,
			);
			buildRules = (
			);
			dependencies = (
			);
			name = TestTextureCell;
			productName = TestTextureCell;
			productReference = 42EF797F2040058800C486E3 /* TestTextureCell.app */;
			productType = "com.apple.product-type.application";
		};
/* End PBXNativeTarget section */

/* Begin PBXProject section */
		42EF79772040058800C486E3 /* Project object */ = {
			isa = PBXProject;
			attributes = {
				LastSwiftUpdateCheck = 0920;
				LastUpgradeCheck = 0920;
				ORGANIZATIONNAME = "Robin Malhotra";
				TargetAttributes = {
					42EF797E2040058800C486E3 = {
						CreatedOnToolsVersion = 9.2;
						ProvisioningStyle = Automatic;
					};
				};
			};
			buildConfigurationList = 42EF797A2040058800C486E3 /* Build configuration list for PBXProject "TestTextureCell" */;
			compatibilityVersion = "Xcode 8.0";
			developmentRegion = en;
			hasScannedForEncodings = 0;
			knownRegions = (
				en,
				Base,
			);
			mainGroup = 42EF79762040058800C486E3;
			productRefGroup = 42EF79802040058800C486E3 /* Products */;
			projectDirPath = "";
			projectRoot = "";
			targets = (
				42EF797E2040058800C486E3 /* TestTextureCell */,
			);
		};
/* End PBXProject section */

/* Begin PBXResourcesBuildPhase section */
		42EF797D2040058800C486E3 /* Resources */ = {
			isa = PBXResourcesBuildPhase;
			buildActionMask = 2147483647;
			files = (
				42EF798D2040058800C486E3 /* LaunchScreen.storyboard in Resources */,
				42EF798A2040058800C486E3 /* Assets.xcassets in Resources */,
				42EF79882040058800C486E3 /* Main.storyboard in Resources */,
			);
			runOnlyForDeploymentPostprocessing = 0;
		};
/* End PBXResourcesBuildPhase section */

/* Begin PBXShellScriptBuildPhase section */
		9B399FE9377D824ADF263037 /* [CP] Embed Pods Frameworks */ = {
			isa = PBXShellScriptBuildPhase;
			buildActionMask = 2147483647;
			files = (
			);
			inputFileListPaths = (
			);
			inputPaths = (
				"${SRCROOT}/Pods/Target Support Files/Pods-TestTextureCell/Pods-TestTextureCell-frameworks.sh",
				"${BUILT_PRODUCTS_DIR}/PINCache/PINCache.framework",
				"${BUILT_PRODUCTS_DIR}/PINOperation/PINOperation.framework",
				"${BUILT_PRODUCTS_DIR}/PINRemoteImage/PINRemoteImage.framework",
				"${BUILT_PRODUCTS_DIR}/Texture/AsyncDisplayKit.framework",
			);
			name = "[CP] Embed Pods Frameworks";
			outputFileListPaths = (
			);
			outputPaths = (
				"${TARGET_BUILD_DIR}/${FRAMEWORKS_FOLDER_PATH}/PINCache.framework",
				"${TARGET_BUILD_DIR}/${FRAMEWORKS_FOLDER_PATH}/PINOperation.framework",
				"${TARGET_BUILD_DIR}/${FRAMEWORKS_FOLDER_PATH}/PINRemoteImage.framework",
				"${TARGET_BUILD_DIR}/${FRAMEWORKS_FOLDER_PATH}/AsyncDisplayKit.framework",
			);
			runOnlyForDeploymentPostprocessing = 0;
			shellPath = /bin/sh;
			shellScript = "\"${SRCROOT}/Pods/Target Support Files/Pods-TestTextureCell/Pods-TestTextureCell-frameworks.sh\"\n";
			showEnvVarsInLog = 0;
		};
		AA972EED7ABC87E0AD8CD4B0 /* [CP] Check Pods Manifest.lock */ = {
			isa = PBXShellScriptBuildPhase;
			buildActionMask = 2147483647;
			files = (
			);
			inputFileListPaths = (
			);
			inputPaths = (
				"${PODS_PODFILE_DIR_PATH}/Podfile.lock",
				"${PODS_ROOT}/Manifest.lock",
			);
			name = "[CP] Check Pods Manifest.lock";
			outputFileListPaths = (
			);
			outputPaths = (
				"$(DERIVED_FILE_DIR)/Pods-TestTextureCell-checkManifestLockResult.txt",
			);
			runOnlyForDeploymentPostprocessing = 0;
			shellPath = /bin/sh;
			shellScript = "diff \"${PODS_PODFILE_DIR_PATH}/Podfile.lock\" \"${PODS_ROOT}/Manifest.lock\" > /dev/null\nif [ $? != 0 ] ; then\n    # print error to STDERR\n    echo \"error: The sandbox is not in sync with the Podfile.lock. Run 'pod install' or update your CocoaPods installation.\" >&2\n    exit 1\nfi\n# This output is used by Xcode 'outputs' to avoid re-running this script phase.\necho \"SUCCESS\" > \"${SCRIPT_OUTPUT_FILE_0}\"\n";
			showEnvVarsInLog = 0;
		};
/* End PBXShellScriptBuildPhase section */

/* Begin PBXSourcesBuildPhase section */
		42EF797B2040058800C486E3 /* Sources */ = {
			isa = PBXSourcesBuildPhase;
			buildActionMask = 2147483647;
			files = (
				4272CFEA20418B4900CA4C79 /* MultipleStateCell.swift in Sources */,
				42EF79852040058800C486E3 /* ViewController.swift in Sources */,
				42EF79832040058800C486E3 /* AppDelegate.swift in Sources */,
			);
			runOnlyForDeploymentPostprocessing = 0;
		};
/* End PBXSourcesBuildPhase section */

/* Begin PBXVariantGroup section */
		42EF79862040058800C486E3 /* Main.storyboard */ = {
			isa = PBXVariantGroup;
			children = (
				42EF79872040058800C486E3 /* Base */,
			);
			name = Main.storyboard;
			sourceTree = "<group>";
		};
		42EF798B2040058800C486E3 /* LaunchScreen.storyboard */ = {
			isa = PBXVariantGroup;
			children = (
				42EF798C2040058800C486E3 /* Base */,
			);
			name = LaunchScreen.storyboard;
			sourceTree = "<group>";
		};
/* End PBXVariantGroup section */

/* Begin XCBuildConfiguration section */
		42EF798F2040058800C486E3 /* Debug */ = {
			isa = XCBuildConfiguration;
			buildSettings = {
				ALWAYS_SEARCH_USER_PATHS = NO;
				CLANG_ANALYZER_NONNULL = YES;
				CLANG_ANALYZER_NUMBER_OBJECT_CONVERSION = YES_AGGRESSIVE;
				CLANG_CXX_LANGUAGE_STANDARD = "gnu++14";
				CLANG_CXX_LIBRARY = "libc++";
				CLANG_ENABLE_MODULES = YES;
				CLANG_ENABLE_OBJC_ARC = YES;
				CLANG_WARN_BLOCK_CAPTURE_AUTORELEASING = YES;
				CLANG_WARN_BOOL_CONVERSION = YES;
				CLANG_WARN_COMMA = YES;
				CLANG_WARN_CONSTANT_CONVERSION = YES;
				CLANG_WARN_DIRECT_OBJC_ISA_USAGE = YES_ERROR;
				CLANG_WARN_DOCUMENTATION_COMMENTS = YES;
				CLANG_WARN_EMPTY_BODY = YES;
				CLANG_WARN_ENUM_CONVERSION = YES;
				CLANG_WARN_INFINITE_RECURSION = YES;
				CLANG_WARN_INT_CONVERSION = YES;
				CLANG_WARN_NON_LITERAL_NULL_CONVERSION = YES;
				CLANG_WARN_OBJC_LITERAL_CONVERSION = YES;
				CLANG_WARN_OBJC_ROOT_CLASS = YES_ERROR;
				CLANG_WARN_RANGE_LOOP_ANALYSIS = YES;
				CLANG_WARN_STRICT_PROTOTYPES = YES;
				CLANG_WARN_SUSPICIOUS_MOVE = YES;
				CLANG_WARN_UNGUARDED_AVAILABILITY = YES_AGGRESSIVE;
				CLANG_WARN_UNREACHABLE_CODE = YES;
				CLANG_WARN__DUPLICATE_METHOD_MATCH = YES;
				CODE_SIGN_IDENTITY = "iPhone Developer";
				COPY_PHASE_STRIP = NO;
				DEBUG_INFORMATION_FORMAT = dwarf;
				ENABLE_STRICT_OBJC_MSGSEND = YES;
				ENABLE_TESTABILITY = YES;
				GCC_C_LANGUAGE_STANDARD = gnu11;
				GCC_DYNAMIC_NO_PIC = NO;
				GCC_NO_COMMON_BLOCKS = YES;
				GCC_OPTIMIZATION_LEVEL = 0;
				GCC_PREPROCESSOR_DEFINITIONS = (
					"DEBUG=1",
					"$(inherited)",
				);
				GCC_WARN_64_TO_32_BIT_CONVERSION = YES;
				GCC_WARN_ABOUT_RETURN_TYPE = YES_ERROR;
				GCC_WARN_UNDECLARED_SELECTOR = YES;
				GCC_WARN_UNINITIALIZED_AUTOS = YES_AGGRESSIVE;
				GCC_WARN_UNUSED_FUNCTION = YES;
				GCC_WARN_UNUSED_VARIABLE = YES;
				IPHONEOS_DEPLOYMENT_TARGET = 11.2;
				MTL_ENABLE_DEBUG_INFO = YES;
				ONLY_ACTIVE_ARCH = YES;
				SDKROOT = iphoneos;
				SWIFT_ACTIVE_COMPILATION_CONDITIONS = DEBUG;
				SWIFT_OPTIMIZATION_LEVEL = "-Onone";
			};
			name = Debug;
		};
		42EF79902040058800C486E3 /* Release */ = {
			isa = XCBuildConfiguration;
			buildSettings = {
				ALWAYS_SEARCH_USER_PATHS = NO;
				CLANG_ANALYZER_NONNULL = YES;
				CLANG_ANALYZER_NUMBER_OBJECT_CONVERSION = YES_AGGRESSIVE;
				CLANG_CXX_LANGUAGE_STANDARD = "gnu++14";
				CLANG_CXX_LIBRARY = "libc++";
				CLANG_ENABLE_MODULES = YES;
				CLANG_ENABLE_OBJC_ARC = YES;
				CLANG_WARN_BLOCK_CAPTURE_AUTORELEASING = YES;
				CLANG_WARN_BOOL_CONVERSION = YES;
				CLANG_WARN_COMMA = YES;
				CLANG_WARN_CONSTANT_CONVERSION = YES;
				CLANG_WARN_DIRECT_OBJC_ISA_USAGE = YES_ERROR;
				CLANG_WARN_DOCUMENTATION_COMMENTS = YES;
				CLANG_WARN_EMPTY_BODY = YES;
				CLANG_WARN_ENUM_CONVERSION = YES;
				CLANG_WARN_INFINITE_RECURSION = YES;
				CLANG_WARN_INT_CONVERSION = YES;
				CLANG_WARN_NON_LITERAL_NULL_CONVERSION = YES;
				CLANG_WARN_OBJC_LITERAL_CONVERSION = YES;
				CLANG_WARN_OBJC_ROOT_CLASS = YES_ERROR;
				CLANG_WARN_RANGE_LOOP_ANALYSIS = YES;
				CLANG_WARN_STRICT_PROTOTYPES = YES;
				CLANG_WARN_SUSPICIOUS_MOVE = YES;
				CLANG_WARN_UNGUARDED_AVAILABILITY = YES_AGGRESSIVE;
				CLANG_WARN_UNREACHABLE_CODE = YES;
				CLANG_WARN__DUPLICATE_METHOD_MATCH = YES;
				CODE_SIGN_IDENTITY = "iPhone Developer";
				COPY_PHASE_STRIP = NO;
				DEBUG_INFORMATION_FORMAT = "dwarf-with-dsym";
				ENABLE_NS_ASSERTIONS = NO;
				ENABLE_STRICT_OBJC_MSGSEND = YES;
				GCC_C_LANGUAGE_STANDARD = gnu11;
				GCC_NO_COMMON_BLOCKS = YES;
				GCC_WARN_64_TO_32_BIT_CONVERSION = YES;
				GCC_WARN_ABOUT_RETURN_TYPE = YES_ERROR;
				GCC_WARN_UNDECLARED_SELECTOR = YES;
				GCC_WARN_UNINITIALIZED_AUTOS = YES_AGGRESSIVE;
				GCC_WARN_UNUSED_FUNCTION = YES;
				GCC_WARN_UNUSED_VARIABLE = YES;
				IPHONEOS_DEPLOYMENT_TARGET = 11.2;
				MTL_ENABLE_DEBUG_INFO = NO;
				SDKROOT = iphoneos;
				SWIFT_OPTIMIZATION_LEVEL = "-Owholemodule";
				VALIDATE_PRODUCT = YES;
			};
			name = Release;
		};
		42EF79922040058800C486E3 /* Debug */ = {
			isa = XCBuildConfiguration;
			baseConfigurationReference = 55A917328E1BC85FAAE3CCA2 /* Pods-TestTextureCell.debug.xcconfig */;
			buildSettings = {
				ASSETCATALOG_COMPILER_APPICON_NAME = AppIcon;
				CODE_SIGN_STYLE = Automatic;
				DEVELOPMENT_TEAM = 7G2XZXD8B4;
				FRAMEWORK_SEARCH_PATHS = (
					"$(inherited)",
					"$(PROJECT_DIR)/Carthage/Build/iOS",
				);
				INFOPLIST_FILE = TestTextureCell/Info.plist;
				LD_RUNPATH_SEARCH_PATHS = "$(inherited) @executable_path/Frameworks";
				PRODUCT_BUNDLE_IDENTIFIER = com.rmalhotra.TestTextureCell;
				PRODUCT_NAME = "$(TARGET_NAME)";
				SWIFT_VERSION = 4.0;
				TARGETED_DEVICE_FAMILY = "1,2";
			};
			name = Debug;
		};
		42EF79932040058800C486E3 /* Release */ = {
			isa = XCBuildConfiguration;
			baseConfigurationReference = CD954773C300CD9D9ACD9D54 /* Pods-TestTextureCell.release.xcconfig */;
			buildSettings = {
				ASSETCATALOG_COMPILER_APPICON_NAME = AppIcon;
				CODE_SIGN_STYLE = Automatic;
				DEVELOPMENT_TEAM = 7G2XZXD8B4;
				FRAMEWORK_SEARCH_PATHS = (
					"$(inherited)",
					"$(PROJECT_DIR)/Carthage/Build/iOS",
				);
				INFOPLIST_FILE = TestTextureCell/Info.plist;
				LD_RUNPATH_SEARCH_PATHS = "$(inherited) @executable_path/Frameworks";
				PRODUCT_BUNDLE_IDENTIFIER = com.rmalhotra.TestTextureCell;
				PRODUCT_NAME = "$(TARGET_NAME)";
				SWIFT_VERSION = 4.0;
				TARGETED_DEVICE_FAMILY = "1,2";
			};
			name = Release;
		};
/* End XCBuildConfiguration section */

/* Begin XCConfigurationList section */
		42EF797A2040058800C486E3 /* Build configuration list for PBXProject "TestTextureCell" */ = {
			isa = XCConfigurationList;
			buildConfigurations = (
				42EF798F2040058800C486E3 /* Debug */,
				42EF79902040058800C486E3 /* Release */,
			);
			defaultConfigurationIsVisible = 0;
			defaultConfigurationName = Release;
		};
		42EF79912040058800C486E3 /* Build configuration list for PBXNativeTarget "TestTextureCell" */ = {
			isa = XCConfigurationList;
			buildConfigurations = (
				42EF79922040058800C486E3 /* Debug */,
				42EF79932040058800C486E3 /* Release */,
			);
			defaultConfigurationIsVisible = 0;
			defaultConfigurationName = Release;
		};
/* End XCConfigurationList section */
	};
	rootObject = 42EF79772040058800C486E3 /* Project object */;
}
